// !$*UTF8*$!
{
	archiveVersion = 1;
	classes = {
	};
	objectVersion = 50;
	objects = {

/* Begin PBXBuildFile section */
		081BEF22219986C1008D1FA1 /* AppDelegate.swift in Sources */ = {isa = PBXBuildFile; fileRef = 081BEF21219986C1008D1FA1 /* AppDelegate.swift */; };
		081BEF24219986C1008D1FA1 /* ViewController.swift in Sources */ = {isa = PBXBuildFile; fileRef = 081BEF23219986C1008D1FA1 /* ViewController.swift */; };
		081BEF27219986C1008D1FA1 /* Main.storyboard in Resources */ = {isa = PBXBuildFile; fileRef = 081BEF25219986C1008D1FA1 /* Main.storyboard */; };
		081BEF2A219986C1008D1FA1 /* Coredata2.xcdatamodeld in Sources */ = {isa = PBXBuildFile; fileRef = 081BEF28219986C1008D1FA1 /* Coredata2.xcdatamodeld */; };
		081BEF2C219986C3008D1FA1 /* Assets.xcassets in Resources */ = {isa = PBXBuildFile; fileRef = 081BEF2B219986C3008D1FA1 /* Assets.xcassets */; };
		081BEF2F219986C3008D1FA1 /* LaunchScreen.storyboard in Resources */ = {isa = PBXBuildFile; fileRef = 081BEF2D219986C3008D1FA1 /* LaunchScreen.storyboard */; };
		081BEF372199878A008D1FA1 /* ListCell.swift in Sources */ = {isa = PBXBuildFile; fileRef = 081BEF362199878A008D1FA1 /* ListCell.swift */; };
		081BEF39219987A2008D1FA1 /* ListController.swift in Sources */ = {isa = PBXBuildFile; fileRef = 081BEF38219987A2008D1FA1 /* ListController.swift */; };
		081BEF3B21998844008D1FA1 /* Databasehandler.swift in Sources */ = {isa = PBXBuildFile; fileRef = 081BEF3A21998844008D1FA1 /* Databasehandler.swift */; };
		081BEF3E21998923008D1FA1 /* Person+CoreDataClass.swift in Sources */ = {isa = PBXBuildFile; fileRef = 081BEF3C21998923008D1FA1 /* Person+CoreDataClass.swift */; };
		081BEF3F21998923008D1FA1 /* Person+CoreDataProperties.swift in Sources */ = {isa = PBXBuildFile; fileRef = 081BEF3D21998923008D1FA1 /* Person+CoreDataProperties.swift */; };
/* End PBXBuildFile section */

/* Begin PBXFileReference section */
		081BEF1E219986C1008D1FA1 /* Coredata2.app */ = {isa = PBXFileReference; explicitFileType = wrapper.application; includeInIndex = 0; path = Coredata2.app; sourceTree = BUILT_PRODUCTS_DIR; };
		081BEF21219986C1008D1FA1 /* AppDelegate.swift */ = {isa = PBXFileReference; lastKnownFileType = sourcecode.swift; path = AppDelegate.swift; sourceTree = "<group>"; };
		081BEF23219986C1008D1FA1 /* ViewController.swift */ = {isa = PBXFileReference; lastKnownFileType = sourcecode.swift; path = ViewController.swift; sourceTree = "<group>"; };
		081BEF26219986C1008D1FA1 /* Base */ = {isa = PBXFileReference; lastKnownFileType = file.storyboard; name = Base; path = Base.lproj/Main.storyboard; sourceTree = "<group>"; };
		081BEF29219986C1008D1FA1 /* Coredata2.xcdatamodel */ = {isa = PBXFileReference; lastKnownFileType = wrapper.xcdatamodel; path = Coredata2.xcdatamodel; sourceTree = "<group>"; };
		081BEF2B219986C3008D1FA1 /* Assets.xcassets */ = {isa = PBXFileReference; lastKnownFileType = folder.assetcatalog; path = Assets.xcassets; sourceTree = "<group>"; };
		081BEF2E219986C3008D1FA1 /* Base */ = {isa = PBXFileReference; lastKnownFileType = file.storyboard; name = Base; path = Base.lproj/LaunchScreen.storyboard; sourceTree = "<group>"; };
		081BEF30219986C3008D1FA1 /* Info.plist */ = {isa = PBXFileReference; lastKnownFileType = text.plist.xml; path = Info.plist; sourceTree = "<group>"; };
		081BEF362199878A008D1FA1 /* ListCell.swift */ = {isa = PBXFileReference; lastKnownFileType = sourcecode.swift; path = ListCell.swift; sourceTree = "<group>"; };
		081BEF38219987A2008D1FA1 /* ListController.swift */ = {isa = PBXFileReference; lastKnownFileType = sourcecode.swift; path = ListController.swift; sourceTree = "<group>"; };
		081BEF3A21998844008D1FA1 /* Databasehandler.swift */ = {isa = PBXFileReference; lastKnownFileType = sourcecode.swift; path = Databasehandler.swift; sourceTree = "<group>"; };
		081BEF3C21998923008D1FA1 /* Person+CoreDataClass.swift */ = {isa = PBXFileReference; lastKnownFileType = sourcecode.swift; name = "Person+CoreDataClass.swift"; path = "Coredata2/Person+CoreDataClass.swift"; sourceTree = "<group>"; };
		081BEF3D21998923008D1FA1 /* Person+CoreDataProperties.swift */ = {isa = PBXFileReference; lastKnownFileType = sourcecode.swift; name = "Person+CoreDataProperties.swift"; path = "Coredata2/Person+CoreDataProperties.swift"; sourceTree = "<group>"; };
/* End PBXFileReference section */

/* Begin PBXFrameworksBuildPhase section */
		081BEF1B219986C1008D1FA1 /* Frameworks */ = {
			isa = PBXFrameworksBuildPhase;
			buildActionMask = 2147483647;
			files = (
			);
			runOnlyForDeploymentPostprocessing = 0;
		};
/* End PBXFrameworksBuildPhase section */

/* Begin PBXGroup section */
		081BEF15219986C1008D1FA1 = {
			isa = PBXGroup;
			children = (
				081BEF3C21998923008D1FA1 /* Person+CoreDataClass.swift */,
				081BEF3D21998923008D1FA1 /* Person+CoreDataProperties.swift */,
				081BEF20219986C1008D1FA1 /* Coredata2 */,
				081BEF1F219986C1008D1FA1 /* Products */,
			);
			sourceTree = "<group>";
		};
		081BEF1F219986C1008D1FA1 /* Products */ = {
			isa = PBXGroup;
			children = (
				081BEF1E219986C1008D1FA1 /* Coredata2.app */,
			);
			name = Products;
			sourceTree = "<group>";
		};
		081BEF20219986C1008D1FA1 /* Coredata2 */ = {
			isa = PBXGroup;
			children = (
				081BEF21219986C1008D1FA1 /* AppDelegate.swift */,
				081BEF23219986C1008D1FA1 /* ViewController.swift */,
				081BEF25219986C1008D1FA1 /* Main.storyboard */,
				081BEF3A21998844008D1FA1 /* Databasehandler.swift */,
				081BEF362199878A008D1FA1 /* ListCell.swift */,
				081BEF38219987A2008D1FA1 /* ListController.swift */,
				081BEF2B219986C3008D1FA1 /* Assets.xcassets */,
				081BEF2D219986C3008D1FA1 /* LaunchScreen.storyboard */,
				081BEF30219986C3008D1FA1 /* Info.plist */,
				081BEF28219986C1008D1FA1 /* Coredata2.xcdatamodeld */,
			);
			path = Coredata2;
			sourceTree = "<group>";
		};
/* End PBXGroup section */

/* Begin PBXNativeTarget section */
		081BEF1D219986C1008D1FA1 /* Coredata2 */ = {
			isa = PBXNativeTarget;
			buildConfigurationList = 081BEF33219986C3008D1FA1 /* Build configuration list for PBXNativeTarget "Coredata2" */;
			buildPhases = (
				081BEF1A219986C1008D1FA1 /* Sources */,
				081BEF1B219986C1008D1FA1 /* Frameworks */,
				081BEF1C219986C1008D1FA1 /* Resources */,
			);
			buildRules = (
			);
			dependencies = (
			);
			name = Coredata2;
			productName = Coredata2;
			productReference = 081BEF1E219986C1008D1FA1 /* Coredata2.app */;
			productType = "com.apple.product-type.application";
		};
/* End PBXNativeTarget section */

/* Begin PBXProject section */
		081BEF16219986C1008D1FA1 /* Project object */ = {
			isa = PBXProject;
			attributes = {
				LastSwiftUpdateCheck = 1000;
				LastUpgradeCheck = 1000;
				ORGANIZATIONNAME = FullStackNet;
				TargetAttributes = {
					081BEF1D219986C1008D1FA1 = {
						CreatedOnToolsVersion = 10.0;
					};
				};
			};
			buildConfigurationList = 081BEF19219986C1008D1FA1 /* Build configuration list for PBXProject "Coredata2" */;
			compatibilityVersion = "Xcode 9.3";
			developmentRegion = en;
			hasScannedForEncodings = 0;
			knownRegions = (
				en,
				Base,
			);
			mainGroup = 081BEF15219986C1008D1FA1;
			productRefGroup = 081BEF1F219986C1008D1FA1 /* Products */;
			projectDirPath = "";
			projectRoot = "";
			targets = (
				081BEF1D219986C1008D1FA1 /* Coredata2 */,
			);
		};
/* End PBXProject section */

/* Begin PBXResourcesBuildPhase section */
		081BEF1C219986C1008D1FA1 /* Resources */ = {
			isa = PBXResourcesBuildPhase;
			buildActionMask = 2147483647;
			files = (
				081BEF2F219986C3008D1FA1 /* LaunchScreen.storyboard in Resources */,
				081BEF2C219986C3008D1FA1 /* Assets.xcassets in Resources */,
				081BEF27219986C1008D1FA1 /* Main.storyboard in Resources */,
			);
			runOnlyForDeploymentPostprocessing = 0;
		};
/* End PBXResourcesBuildPhase section */

/* Begin PBXSourcesBuildPhase section */
		081BEF1A219986C1008D1FA1 /* Sources */ = {
			isa = PBXSourcesBuildPhase;
			buildActionMask = 2147483647;
			files = (
				081BEF24219986C1008D1FA1 /* ViewController.swift in Sources */,
				081BEF3E21998923008D1FA1 /* Person+CoreDataClass.swift in Sources */,
				081BEF3B21998844008D1FA1 /* Databasehandler.swift in Sources */,
				081BEF39219987A2008D1FA1 /* ListController.swift in Sources */,
				081BEF3F21998923008D1FA1 /* Person+CoreDataProperties.swift in Sources */,
				081BEF372199878A008D1FA1 /* ListCell.swift in Sources */,
				081BEF2A219986C1008D1FA1 /* Coredata2.xcdatamodeld in Sources */,
				081BEF22219986C1008D1FA1 /* AppDelegate.swift in Sources */,
			);
			runOnlyForDeploymentPostprocessing = 0;
		};
/* End PBXSourcesBuildPhase section */

/* Begin PBXVariantGroup section */
		081BEF25219986C1008D1FA1 /* Main.storyboard */ = {
			isa = PBXVariantGroup;
			children = (
				081BEF26219986C1008D1FA1 /* Base */,
			);
			name = Main.storyboard;
			sourceTree = "<group>";
		};
		081BEF2D219986C3008D1FA1 /* LaunchScreen.storyboard */ = {
			isa = PBXVariantGroup;
			children = (
				081BEF2E219986C3008D1FA1 /* Base */,
			);
			name = LaunchScreen.storyboard;
			sourceTree = "<group>";
		};
/* End PBXVariantGroup section */

/* Begin XCBuildConfiguration section */
		081BEF31219986C3008D1FA1 /* Debug */ = {
			isa = XCBuildConfiguration;
			buildSettings = {
				ALWAYS_SEARCH_USER_PATHS = NO;
				CLANG_ANALYZER_NONNULL = YES;
				CLANG_ANALYZER_NUMBER_OBJECT_CONVERSION = YES_AGGRESSIVE;
				CLANG_CXX_LANGUAGE_STANDARD = "gnu++14";
				CLANG_CXX_LIBRARY = "libc++";
				CLANG_ENABLE_MODULES = YES;
				CLANG_ENABLE_OBJC_ARC = YES;
				CLANG_ENABLE_OBJC_WEAK = YES;
				CLANG_WARN_BLOCK_CAPTURE_AUTORELEASING = YES;
				CLANG_WARN_BOOL_CONVERSION = YES;
				CLANG_WARN_COMMA = YES;
				CLANG_WARN_CONSTANT_CONVERSION = YES;
				CLANG_WARN_DEPRECATED_OBJC_IMPLEMENTATIONS = YES;
				CLANG_WARN_DIRECT_OBJC_ISA_USAGE = YES_ERROR;
				CLANG_WARN_DOCUMENTATION_COMMENTS = YES;
				CLANG_WARN_EMPTY_BODY = YES;
				CLANG_WARN_ENUM_CONVERSION = YES;
				CLANG_WARN_INFINITE_RECURSION = YES;
				CLANG_WARN_INT_CONVERSION = YES;
				CLANG_WARN_NON_LITERAL_NULL_CONVERSION = YES;
				CLANG_WARN_OBJC_IMPLICIT_RETAIN_SELF = YES;
				CLANG_WARN_OBJC_LITERAL_CONVERSION = YES;
				CLANG_WARN_OBJC_ROOT_CLASS = YES_ERROR;
				CLANG_WARN_RANGE_LOOP_ANALYSIS = YES;
				CLANG_WARN_STRICT_PROTOTYPES = YES;
				CLANG_WARN_SUSPICIOUS_MOVE = YES;
				CLANG_WARN_UNGUARDED_AVAILABILITY = YES_AGGRESSIVE;
				CLANG_WARN_UNREACHABLE_CODE = YES;
				CLANG_WARN__DUPLICATE_METHOD_MATCH = YES;
				CODE_SIGN_IDENTITY = "iPhone Developer";
				COPY_PHASE_STRIP = NO;
				DEBUG_INFORMATION_FORMAT = dwarf;
				ENABLE_STRICT_OBJC_MSGSEND = YES;
				ENABLE_TESTABILITY = YES;
				GCC_C_LANGUAGE_STANDARD = gnu11;
				GCC_DYNAMIC_NO_PIC = NO;
				GCC_NO_COMMON_BLOCKS = YES;
				GCC_OPTIMIZATION_LEVEL = 0;
				GCC_PREPROCESSOR_DEFINITIONS = (
					"DEBUG=1",
					"$(inherited)",
				);
				GCC_WARN_64_TO_32_BIT_CONVERSION = YES;
				GCC_WARN_ABOUT_RETURN_TYPE = YES_ERROR;
				GCC_WARN_UNDECLARED_SELECTOR = YES;
				GCC_WARN_UNINITIALIZED_AUTOS = YES_AGGRESSIVE;
				GCC_WARN_UNUSED_FUNCTION = YES;
				GCC_WARN_UNUSED_VARIABLE = YES;
				IPHONEOS_DEPLOYMENT_TARGET = 12.0;
				MTL_ENABLE_DEBUG_INFO = INCLUDE_SOURCE;
				MTL_FAST_MATH = YES;
				ONLY_ACTIVE_ARCH = YES;
				SDKROOT = iphoneos;
				SWIFT_ACTIVE_COMPILATION_CONDITIONS = DEBUG;
				SWIFT_OPTIMIZATION_LEVEL = "-Onone";
			};
			name = Debug;
		};
		081BEF32219986C3008D1FA1 /* Release */ = {
			isa = XCBuildConfiguration;
			buildSettings = {
				ALWAYS_SEARCH_USER_PATHS = NO;
				CLANG_ANALYZER_NONNULL = YES;
				CLANG_ANALYZER_NUMBER_OBJECT_CONVERSION = YES_AGGRESSIVE;
				CLANG_CXX_LANGUAGE_STANDARD = "gnu++14";
				CLANG_CXX_LIBRARY = "libc++";
				CLANG_ENABLE_MODULES = YES;
				CLANG_ENABLE_OBJC_ARC = YES;
				CLANG_ENABLE_OBJC_WEAK = YES;
				CLANG_WARN_BLOCK_CAPTURE_AUTORELEASING = YES;
				CLANG_WARN_BOOL_CONVERSION = YES;
				CLANG_WARN_COMMA = YES;
				CLANG_WARN_CONSTANT_CONVERSION = YES;
				CLANG_WARN_DEPRECATED_OBJC_IMPLEMENTATIONS = YES;
				CLANG_WARN_DIRECT_OBJC_ISA_USAGE = YES_ERROR;
				CLANG_WARN_DOCUMENTATION_COMMENTS = YES;
				CLANG_WARN_EMPTY_BODY = YES;
				CLANG_WARN_ENUM_CONVERSION = YES;
				CLANG_WARN_INFINITE_RECURSION = YES;
				CLANG_WARN_INT_CONVERSION = YES;
				CLANG_WARN_NON_LITERAL_NULL_CONVERSION = YES;
				CLANG_WARN_OBJC_IMPLICIT_RETAIN_SELF = YES;
				CLANG_WARN_OBJC_LITERAL_CONVERSION = YES;
				CLANG_WARN_OBJC_ROOT_CLASS = YES_ERROR;
				CLANG_WARN_RANGE_LOOP_ANALYSIS = YES;
				CLANG_WARN_STRICT_PROTOTYPES = YES;
				CLANG_WARN_SUSPICIOUS_MOVE = YES;
				CLANG_WARN_UNGUARDED_AVAILABILITY = YES_AGGRESSIVE;
				CLANG_WARN_UNREACHABLE_CODE = YES;
				CLANG_WARN__DUPLICATE_METHOD_MATCH = YES;
				CODE_SIGN_IDENTITY = "iPhone Developer";
				COPY_PHASE_STRIP = NO;
				DEBUG_INFORMATION_FORMAT = "dwarf-with-dsym";
				ENABLE_NS_ASSERTIONS = NO;
				ENABLE_STRICT_OBJC_MSGSEND = YES;
				GCC_C_LANGUAGE_STANDARD = gnu11;
				GCC_NO_COMMON_BLOCKS = YES;
				GCC_WARN_64_TO_32_BIT_CONVERSION = YES;
				GCC_WARN_ABOUT_RETURN_TYPE = YES_ERROR;
				GCC_WARN_UNDECLARED_SELECTOR = YES;
				GCC_WARN_UNINITIALIZED_AUTOS = YES_AGGRESSIVE;
				GCC_WARN_UNUSED_FUNCTION = YES;
				GCC_WARN_UNUSED_VARIABLE = YES;
				IPHONEOS_DEPLOYMENT_TARGET = 12.0;
				MTL_ENABLE_DEBUG_INFO = NO;
				MTL_FAST_MATH = YES;
				SDKROOT = iphoneos;
				SWIFT_COMPILATION_MODE = wholemodule;
				SWIFT_OPTIMIZATION_LEVEL = "-O";
				VALIDATE_PRODUCT = YES;
			};
			name = Release;
		};
		081BEF34219986C3008D1FA1 /* Debug */ = {
			isa = XCBuildConfiguration;
			buildSettings = {
				ASSETCATALOG_COMPILER_APPICON_NAME = AppIcon;
				CODE_SIGN_STYLE = Automatic;
				DEVELOPMENT_TEAM = Q92USUJGJG;
				INFOPLIST_FILE = Coredata2/Info.plist;
				LD_RUNPATH_SEARCH_PATHS = (
					"$(inherited)",
					"@executable_path/Frameworks",
				);
				PRODUCT_BUNDLE_IDENTIFIER = com.fullstacknet.Coredata2;
				PRODUCT_NAME = "$(TARGET_NAME)";
				SWIFT_VERSION = 4.2;
				TARGETED_DEVICE_FAMILY = "1,2";
			};
			name = Debug;
		};
		081BEF35219986C3008D1FA1 /* Release */ = {
			isa = XCBuildConfiguration;
			buildSettings = {
				ASSETCATALOG_COMPILER_APPICON_NAME = AppIcon;
				CODE_SIGN_STYLE = Automatic;
				DEVELOPMENT_TEAM = Q92USUJGJG;
				INFOPLIST_FILE = Coredata2/Info.plist;
				LD_RUNPATH_SEARCH_PATHS = (
					"$(inherited)",
					"@executable_path/Frameworks",
				);
				PRODUCT_BUNDLE_IDENTIFIER = com.fullstacknet.Coredata2;
				PRODUCT_NAME = "$(TARGET_NAME)";
				SWIFT_VERSION = 4.2;
				TARGETED_DEVICE_FAMILY = "1,2";
			};
			name = Release;
		};
/* End XCBuildConfiguration section */

/* Begin XCConfigurationList section */
		081BEF19219986C1008D1FA1 /* Build configuration list for PBXProject "Coredata2" */ = {
			isa = XCConfigurationList;
			buildConfigurations = (
				081BEF31219986C3008D1FA1 /* Debug */,
				081BEF32219986C3008D1FA1 /* Release */,
			);
			defaultConfigurationIsVisible = 0;
			defaultConfigurationName = Release;
		};
		081BEF33219986C3008D1FA1 /* Build configuration list for PBXNativeTarget "Coredata2" */ = {
			isa = XCConfigurationList;
			buildConfigurations = (
				081BEF34219986C3008D1FA1 /* Debug */,
				081BEF35219986C3008D1FA1 /* Release */,
			);
			defaultConfigurationIsVisible = 0;
			defaultConfigurationName = Release;
		};
/* End XCConfigurationList section */

/* Begin XCVersionGroup section */
		081BEF28219986C1008D1FA1 /* Coredata2.xcdatamodeld */ = {
			isa = XCVersionGroup;
			children = (
				081BEF29219986C1008D1FA1 /* Coredata2.xcdatamodel */,
			);
			currentVersion = 081BEF29219986C1008D1FA1 /* Coredata2.xcdatamodel */;
			path = Coredata2.xcdatamodeld;
			sourceTree = "<group>";
			versionGroupType = wrapper.xcdatamodel;
		};
/* End XCVersionGroup section */
	};
	rootObject = 081BEF16219986C1008D1FA1 /* Project object */;
}
